
Microsoft Visual Studio Solution File, Format Version 12.00
# Visual Studio 2012
VisualStudioVersion = 12.0.31101.0
MinimumVisualStudioVersion = 10.0.40219.1
Project("{FAE04EC0-301F-11D3-BF4B-00C04F79EFBC}") = "XamarinTwitterClient", "XamarinTwitterClient\XamarinTwitterClient\XamarinTwitterClient.csproj", "{5039B909-0CB9-4F61-B382-CAF675072696}"
EndProject
Project("{FAE04EC0-301F-11D3-BF4B-00C04F79EFBC}") = "XamarinTwitterClient.iOS", "XamarinTwitterClient\XamarinTwitterClient.iOS\XamarinTwitterClient.iOS.csproj", "{0DD6D933-EED4-46AF-BD52-0438F52DF43B}"
EndProject
Project("{FAE04EC0-301F-11D3-BF4B-00C04F79EFBC}") = "XamarinTwitterClient.Android", "XamarinTwitterClient\XamarinTwitterClient.Android\XamarinTwitterClient.Android.csproj", "{791C3AB2-5041-453A-8F92-C1DFE9F65AC8}"
EndProject
Project("{FAE04EC0-301F-11D3-BF4B-00C04F79EFBC}") = "XamarinTwitterClient.WinPhone", "XamarinTwitterClient\XamarinTwitterClient.WinPhone\XamarinTwitterClient.WinPhone.csproj", "{8C1ECA05-49A6-4066-8750-B4449B243A29}"
EndProject
Global
	GlobalSection(SolutionConfigurationPlatforms) = preSolution
		Ad-Hoc|Any CPU = Ad-Hoc|Any CPU
		Ad-Hoc|ARM = Ad-Hoc|ARM
		Ad-Hoc|iPhone = Ad-Hoc|iPhone
		Ad-Hoc|iPhoneSimulator = Ad-Hoc|iPhoneSimulator
		Ad-Hoc|Mixed Platforms = Ad-Hoc|Mixed Platforms
		Ad-Hoc|x86 = Ad-Hoc|x86
		AppStore|Any CPU = AppStore|Any CPU
		AppStore|ARM = AppStore|ARM
		AppStore|iPhone = AppStore|iPhone
		AppStore|iPhoneSimulator = AppStore|iPhoneSimulator
		AppStore|Mixed Platforms = AppStore|Mixed Platforms
		AppStore|x86 = AppStore|x86
		Debug|Any CPU = Debug|Any CPU
		Debug|ARM = Debug|ARM
		Debug|iPhone = Debug|iPhone
		Debug|iPhoneSimulator = Debug|iPhoneSimulator
		Debug|Mixed Platforms = Debug|Mixed Platforms
		Debug|x86 = Debug|x86
		Release|Any CPU = Release|Any CPU
		Release|ARM = Release|ARM
		Release|iPhone = Release|iPhone
		Release|iPhoneSimulator = Release|iPhoneSimulator
		Release|Mixed Platforms = Release|Mixed Platforms
		Release|x86 = Release|x86
	EndGlobalSection
	GlobalSection(ProjectConfigurationPlatforms) = postSolution
		{0DD6D933-EED4-46AF-BD52-0438F52DF43B}.Ad-Hoc|Any CPU.ActiveCfg = Ad-Hoc|iPhone
		{0DD6D933-EED4-46AF-BD52-0438F52DF43B}.Ad-Hoc|ARM.ActiveCfg = Ad-Hoc|iPhone
		{0DD6D933-EED4-46AF-BD52-0438F52DF43B}.Ad-Hoc|iPhone.ActiveCfg = Ad-Hoc|iPhone
		{0DD6D933-EED4-46AF-BD52-0438F52DF43B}.Ad-Hoc|iPhone.Build.0 = Ad-Hoc|iPhone
		{0DD6D933-EED4-46AF-BD52-0438F52DF43B}.Ad-Hoc|iPhoneSimulator.ActiveCfg = Ad-Hoc|iPhoneSimulator
		{0DD6D933-EED4-46AF-BD52-0438F52DF43B}.Ad-Hoc|iPhoneSimulator.Build.0 = Ad-Hoc|iPhoneSimulator
		{0DD6D933-EED4-46AF-BD52-0438F52DF43B}.Ad-Hoc|Mixed Platforms.ActiveCfg = Ad-Hoc|iPhone
		{0DD6D933-EED4-46AF-BD52-0438F52DF43B}.Ad-Hoc|Mixed Platforms.Build.0 = Ad-Hoc|iPhone
		{0DD6D933-EED4-46AF-BD52-0438F52DF43B}.Ad-Hoc|x86.ActiveCfg = Ad-Hoc|iPhone
		{0DD6D933-EED4-46AF-BD52-0438F52DF43B}.AppStore|Any CPU.ActiveCfg = AppStore|iPhone
		{0DD6D933-EED4-46AF-BD52-0438F52DF43B}.AppStore|ARM.ActiveCfg = AppStore|iPhone
		{0DD6D933-EED4-46AF-BD52-0438F52DF43B}.AppStore|iPhone.ActiveCfg = AppStore|iPhone
		{0DD6D933-EED4-46AF-BD52-0438F52DF43B}.AppStore|iPhone.Build.0 = AppStore|iPhone
		{0DD6D933-EED4-46AF-BD52-0438F52DF43B}.AppStore|iPhoneSimulator.ActiveCfg = AppStore|iPhoneSimulator
		{0DD6D933-EED4-46AF-BD52-0438F52DF43B}.AppStore|iPhoneSimulator.Build.0 = AppStore|iPhoneSimulator
		{0DD6D933-EED4-46AF-BD52-0438F52DF43B}.AppStore|Mixed Platforms.ActiveCfg = AppStore|iPhone
		{0DD6D933-EED4-46AF-BD52-0438F52DF43B}.AppStore|Mixed Platforms.Build.0 = AppStore|iPhone
		{0DD6D933-EED4-46AF-BD52-0438F52DF43B}.AppStore|x86.ActiveCfg = AppStore|iPhone
		{0DD6D933-EED4-46AF-BD52-0438F52DF43B}.Debug|Any CPU.ActiveCfg = Debug|iPhone
		{0DD6D933-EED4-46AF-BD52-0438F52DF43B}.Debug|Any CPU.Build.0 = Debug|iPhone
		{0DD6D933-EED4-46AF-BD52-0438F52DF43B}.Debug|ARM.ActiveCfg = Debug|iPhone
		{0DD6D933-EED4-46AF-BD52-0438F52DF43B}.Debug|iPhone.ActiveCfg = Debug|iPhone
		{0DD6D933-EED4-46AF-BD52-0438F52DF43B}.Debug|iPhone.Build.0 = Debug|iPhone
		{0DD6D933-EED4-46AF-BD52-0438F52DF43B}.Debug|iPhoneSimulator.ActiveCfg = Debug|iPhoneSimulator
		{0DD6D933-EED4-46AF-BD52-0438F52DF43B}.Debug|iPhoneSimulator.Build.0 = Debug|iPhoneSimulator
		{0DD6D933-EED4-46AF-BD52-0438F52DF43B}.Debug|Mixed Platforms.ActiveCfg = Debug|iPhone
		{0DD6D933-EED4-46AF-BD52-0438F52DF43B}.Debug|Mixed Platforms.Build.0 = Debug|iPhone
		{0DD6D933-EED4-46AF-BD52-0438F52DF43B}.Debug|x86.ActiveCfg = Debug|iPhone
		{0DD6D933-EED4-46AF-BD52-0438F52DF43B}.Release|Any CPU.ActiveCfg = Release|iPhone
		{0DD6D933-EED4-46AF-BD52-0438F52DF43B}.Release|ARM.ActiveCfg = Release|iPhone
		{0DD6D933-EED4-46AF-BD52-0438F52DF43B}.Release|iPhone.ActiveCfg = Release|iPhone
		{0DD6D933-EED4-46AF-BD52-0438F52DF43B}.Release|iPhone.Build.0 = Release|iPhone
		{0DD6D933-EED4-46AF-BD52-0438F52DF43B}.Release|iPhoneSimulator.ActiveCfg = Release|iPhoneSimulator
		{0DD6D933-EED4-46AF-BD52-0438F52DF43B}.Release|iPhoneSimulator.Build.0 = Release|iPhoneSimulator
		{0DD6D933-EED4-46AF-BD52-0438F52DF43B}.Release|Mixed Platforms.ActiveCfg = Release|iPhone
		{0DD6D933-EED4-46AF-BD52-0438F52DF43B}.Release|Mixed Platforms.Build.0 = Release|iPhone
		{0DD6D933-EED4-46AF-BD52-0438F52DF43B}.Release|x86.ActiveCfg = Release|iPhone
		{5039B909-0CB9-4F61-B382-CAF675072696}.Ad-Hoc|Any CPU.ActiveCfg = Release|Any CPU
		{5039B909-0CB9-4F61-B382-CAF675072696}.Ad-Hoc|Any CPU.Build.0 = Release|Any CPU
		{5039B909-0CB9-4F61-B382-CAF675072696}.Ad-Hoc|ARM.ActiveCfg = Release|Any CPU
		{5039B909-0CB9-4F61-B382-CAF675072696}.Ad-Hoc|iPhone.ActiveCfg = Release|Any CPU
		{5039B909-0CB9-4F61-B382-CAF675072696}.Ad-Hoc|iPhoneSimulator.ActiveCfg = Release|Any CPU
		{5039B909-0CB9-4F61-B382-CAF675072696}.Ad-Hoc|Mixed Platforms.ActiveCfg = Release|Any CPU
		{5039B909-0CB9-4F61-B382-CAF675072696}.Ad-Hoc|Mixed Platforms.Build.0 = Release|Any CPU
		{5039B909-0CB9-4F61-B382-CAF675072696}.Ad-Hoc|x86.ActiveCfg = Release|Any CPU
		{5039B909-0CB9-4F61-B382-CAF675072696}.AppStore|Any CPU.ActiveCfg = Release|Any CPU
		{5039B909-0CB9-4F61-B382-CAF675072696}.AppStore|Any CPU.Build.0 = Release|Any CPU
		{5039B909-0CB9-4F61-B382-CAF675072696}.AppStore|ARM.ActiveCfg = Release|Any CPU
		{5039B909-0CB9-4F61-B382-CAF675072696}.AppStore|iPhone.ActiveCfg = Release|Any CPU
		{5039B909-0CB9-4F61-B382-CAF675072696}.AppStore|iPhoneSimulator.ActiveCfg = Release|Any CPU
		{5039B909-0CB9-4F61-B382-CAF675072696}.AppStore|Mixed Platforms.ActiveCfg = Release|Any CPU
		{5039B909-0CB9-4F61-B382-CAF675072696}.AppStore|Mixed Platforms.Build.0 = Release|Any CPU
		{5039B909-0CB9-4F61-B382-CAF675072696}.AppStore|x86.ActiveCfg = Release|Any CPU
		{5039B909-0CB9-4F61-B382-CAF675072696}.Debug|Any CPU.ActiveCfg = Debug|Any CPU
		{5039B909-0CB9-4F61-B382-CAF675072696}.Debug|Any CPU.Build.0 = Debug|Any CPU
		{5039B909-0CB9-4F61-B382-CAF675072696}.Debug|ARM.ActiveCfg = Debug|Any CPU
		{5039B909-0CB9-4F61-B382-CAF675072696}.Debug|iPhone.ActiveCfg = Debug|Any CPU
		{5039B909-0CB9-4F61-B382-CAF675072696}.Debug|iPhoneSimulator.ActiveCfg = Debug|Any CPU
		{5039B909-0CB9-4F61-B382-CAF675072696}.Debug|iPhoneSimulator.Build.0 = Debug|Any CPU
		{5039B909-0CB9-4F61-B382-CAF675072696}.Debug|Mixed Platforms.ActiveCfg = Debug|Any CPU
		{5039B909-0CB9-4F61-B382-CAF675072696}.Debug|Mixed Platforms.Build.0 = Debug|Any CPU
		{5039B909-0CB9-4F61-B382-CAF675072696}.Debug|x86.ActiveCfg = Debug|Any CPU
		{5039B909-0CB9-4F61-B382-CAF675072696}.Release|Any CPU.ActiveCfg = Release|Any CPU
		{5039B909-0CB9-4F61-B382-CAF675072696}.Release|Any CPU.Build.0 = Release|Any CPU
		{5039B909-0CB9-4F61-B382-CAF675072696}.Release|ARM.ActiveCfg = Release|Any CPU
		{5039B909-0CB9-4F61-B382-CAF675072696}.Release|iPhone.ActiveCfg = Release|Any CPU
		{5039B909-0CB9-4F61-B382-CAF675072696}.Release|iPhoneSimulator.ActiveCfg = Release|Any CPU
		{5039B909-0CB9-4F61-B382-CAF675072696}.Release|Mixed Platforms.ActiveCfg = Release|Any CPU
		{5039B909-0CB9-4F61-B382-CAF675072696}.Release|Mixed Platforms.Build.0 = Release|Any CPU
		{5039B909-0CB9-4F61-B382-CAF675072696}.Release|x86.ActiveCfg = Release|Any CPU
		{791C3AB2-5041-453A-8F92-C1DFE9F65AC8}.Ad-Hoc|Any CPU.ActiveCfg = Release|Any CPU
		{791C3AB2-5041-453A-8F92-C1DFE9F65AC8}.Ad-Hoc|Any CPU.Build.0 = Release|Any CPU
		{791C3AB2-5041-453A-8F92-C1DFE9F65AC8}.Ad-Hoc|Any CPU.Deploy.0 = Release|Any CPU
		{791C3AB2-5041-453A-8F92-C1DFE9F65AC8}.Ad-Hoc|ARM.ActiveCfg = Release|Any CPU
		{791C3AB2-5041-453A-8F92-C1DFE9F65AC8}.Ad-Hoc|iPhone.ActiveCfg = Release|Any CPU
		{791C3AB2-5041-453A-8F92-C1DFE9F65AC8}.Ad-Hoc|iPhoneSimulator.ActiveCfg = Release|Any CPU
		{791C3AB2-5041-453A-8F92-C1DFE9F65AC8}.Ad-Hoc|Mixed Platforms.ActiveCfg = Release|Any CPU
		{791C3AB2-5041-453A-8F92-C1DFE9F65AC8}.Ad-Hoc|Mixed Platforms.Build.0 = Release|Any CPU
		{791C3AB2-5041-453A-8F92-C1DFE9F65AC8}.Ad-Hoc|Mixed Platforms.Deploy.0 = Release|Any CPU
		{791C3AB2-5041-453A-8F92-C1DFE9F65AC8}.Ad-Hoc|x86.ActiveCfg = Release|Any CPU
		{791C3AB2-5041-453A-8F92-C1DFE9F65AC8}.AppStore|Any CPU.ActiveCfg = Release|Any CPU
		{791C3AB2-5041-453A-8F92-C1DFE9F65AC8}.AppStore|Any CPU.Build.0 = Release|Any CPU
		{791C3AB2-5041-453A-8F92-C1DFE9F65AC8}.AppStore|Any CPU.Deploy.0 = Release|Any CPU
		{791C3AB2-5041-453A-8F92-C1DFE9F65AC8}.AppStore|ARM.ActiveCfg = Release|Any CPU
		{791C3AB2-5041-453A-8F92-C1DFE9F65AC8}.AppStore|iPhone.ActiveCfg = Release|Any CPU
		{791C3AB2-5041-453A-8F92-C1DFE9F65AC8}.AppStore|iPhoneSimulator.ActiveCfg = Release|Any CPU
		{791C3AB2-5041-453A-8F92-C1DFE9F65AC8}.AppStore|Mixed Platforms.ActiveCfg = Release|Any CPU
		{791C3AB2-5041-453A-8F92-C1DFE9F65AC8}.AppStore|Mixed Platforms.Build.0 = Release|Any CPU
		{791C3AB2-5041-453A-8F92-C1DFE9F65AC8}.AppStore|Mixed Platforms.Deploy.0 = Release|Any CPU
		{791C3AB2-5041-453A-8F92-C1DFE9F65AC8}.AppStore|x86.ActiveCfg = Release|Any CPU
		{791C3AB2-5041-453A-8F92-C1DFE9F65AC8}.Debug|Any CPU.ActiveCfg = Debug|Any CPU
		{791C3AB2-5041-453A-8F92-C1DFE9F65AC8}.Debug|Any CPU.Build.0 = Debug|Any CPU
		{791C3AB2-5041-453A-8F92-C1DFE9F65AC8}.Debug|Any CPU.Deploy.0 = Debug|Any CPU
		{791C3AB2-5041-453A-8F92-C1DFE9F65AC8}.Debug|ARM.ActiveCfg = Debug|Any CPU
		{791C3AB2-5041-453A-8F92-C1DFE9F65AC8}.Debug|iPhone.ActiveCfg = Debug|Any CPU
		{791C3AB2-5041-453A-8F92-C1DFE9F65AC8}.Debug|iPhoneSimulator.ActiveCfg = Debug|Any CPU
		{791C3AB2-5041-453A-8F92-C1DFE9F65AC8}.Debug|iPhoneSimulator.Build.0 = Debug|Any CPU
		{791C3AB2-5041-453A-8F92-C1DFE9F65AC8}.Debug|Mixed Platforms.ActiveCfg = Debug|Any CPU
		{791C3AB2-5041-453A-8F92-C1DFE9F65AC8}.Debug|Mixed Platforms.Build.0 = Debug|Any CPU
		{791C3AB2-5041-453A-8F92-C1DFE9F65AC8}.Debug|Mixed Platforms.Deploy.0 = Debug|Any CPU
		{791C3AB2-5041-453A-8F92-C1DFE9F65AC8}.Debug|x86.ActiveCfg = Debug|Any CPU
		{791C3AB2-5041-453A-8F92-C1DFE9F65AC8}.Release|Any CPU.ActiveCfg = Release|Any CPU
		{791C3AB2-5041-453A-8F92-C1DFE9F65AC8}.Release|Any CPU.Build.0 = Release|Any CPU
		{791C3AB2-5041-453A-8F92-C1DFE9F65AC8}.Release|Any CPU.Deploy.0 = Release|Any CPU
		{791C3AB2-5041-453A-8F92-C1DFE9F65AC8}.Release|ARM.ActiveCfg = Release|Any CPU
		{791C3AB2-5041-453A-8F92-C1DFE9F65AC8}.Release|iPhone.ActiveCfg = Release|Any CPU
		{791C3AB2-5041-453A-8F92-C1DFE9F65AC8}.Release|iPhoneSimulator.ActiveCfg = Release|Any CPU
		{791C3AB2-5041-453A-8F92-C1DFE9F65AC8}.Release|Mixed Platforms.ActiveCfg = Release|Any CPU
		{791C3AB2-5041-453A-8F92-C1DFE9F65AC8}.Release|Mixed Platforms.Build.0 = Release|Any CPU
		{791C3AB2-5041-453A-8F92-C1DFE9F65AC8}.Release|Mixed Platforms.Deploy.0 = Release|Any CPU
		{791C3AB2-5041-453A-8F92-C1DFE9F65AC8}.Release|x86.ActiveCfg = Release|Any CPU
		{8C1ECA05-49A6-4066-8750-B4449B243A29}.Ad-Hoc|Any CPU.ActiveCfg = Release|Any CPU
		{8C1ECA05-49A6-4066-8750-B4449B243A29}.Ad-Hoc|Any CPU.Build.0 = Release|Any CPU
		{8C1ECA05-49A6-4066-8750-B4449B243A29}.Ad-Hoc|Any CPU.Deploy.0 = Release|Any CPU
		{8C1ECA05-49A6-4066-8750-B4449B243A29}.Ad-Hoc|ARM.ActiveCfg = Release|ARM
		{8C1ECA05-49A6-4066-8750-B4449B243A29}.Ad-Hoc|ARM.Build.0 = Release|ARM
		{8C1ECA05-49A6-4066-8750-B4449B243A29}.Ad-Hoc|ARM.Deploy.0 = Release|ARM
		{8C1ECA05-49A6-4066-8750-B4449B243A29}.Ad-Hoc|iPhone.ActiveCfg = Release|Any CPU
		{8C1ECA05-49A6-4066-8750-B4449B243A29}.Ad-Hoc|iPhoneSimulator.ActiveCfg = Release|Any CPU
		{8C1ECA05-49A6-4066-8750-B4449B243A29}.Ad-Hoc|Mixed Platforms.ActiveCfg = Release|x86
		{8C1ECA05-49A6-4066-8750-B4449B243A29}.Ad-Hoc|Mixed Platforms.Build.0 = Release|x86
		{8C1ECA05-49A6-4066-8750-B4449B243A29}.Ad-Hoc|Mixed Platforms.Deploy.0 = Release|x86
		{8C1ECA05-49A6-4066-8750-B4449B243A29}.Ad-Hoc|x86.ActiveCfg = Release|x86
		{8C1ECA05-49A6-4066-8750-B4449B243A29}.Ad-Hoc|x86.Build.0 = Release|x86
		{8C1ECA05-49A6-4066-8750-B4449B243A29}.Ad-Hoc|x86.Deploy.0 = Release|x86
		{8C1ECA05-49A6-4066-8750-B4449B243A29}.AppStore|Any CPU.ActiveCfg = Release|Any CPU
		{8C1ECA05-49A6-4066-8750-B4449B243A29}.AppStore|Any CPU.Build.0 = Release|Any CPU
		{8C1ECA05-49A6-4066-8750-B4449B243A29}.AppStore|Any CPU.Deploy.0 = Release|Any CPU
		{8C1ECA05-49A6-4066-8750-B4449B243A29}.AppStore|ARM.ActiveCfg = Release|ARM
		{8C1ECA05-49A6-4066-8750-B4449B243A29}.AppStore|ARM.Build.0 = Release|ARM
		{8C1ECA05-49A6-4066-8750-B4449B243A29}.AppStore|ARM.Deploy.0 = Release|ARM
		{8C1ECA05-49A6-4066-8750-B4449B243A29}.AppStore|iPhone.ActiveCfg = Release|Any CPU
		{8C1ECA05-49A6-4066-8750-B4449B243A29}.AppStore|iPhoneSimulator.ActiveCfg = Release|Any CPU
		{8C1ECA05-49A6-4066-8750-B4449B243A29}.AppStore|Mixed Platforms.ActiveCfg = Release|x86
		{8C1ECA05-49A6-4066-8750-B4449B243A29}.AppStore|Mixed Platforms.Build.0 = Release|x86
		{8C1ECA05-49A6-4066-8750-B4449B243A29}.AppStore|Mixed Platforms.Deploy.0 = Release|x86
		{8C1ECA05-49A6-4066-8750-B4449B243A29}.AppStore|x86.ActiveCfg = Release|x86
		{8C1ECA05-49A6-4066-8750-B4449B243A29}.AppStore|x86.Build.0 = Release|x86
		{8C1ECA05-49A6-4066-8750-B4449B243A29}.AppStore|x86.Deploy.0 = Release|x86
		{8C1ECA05-49A6-4066-8750-B4449B243A29}.Debug|Any CPU.ActiveCfg = Debug|Any CPU
		{8C1ECA05-49A6-4066-8750-B4449B243A29}.Debug|Any CPU.Build.0 = Debug|Any CPU
		{8C1ECA05-49A6-4066-8750-B4449B243A29}.Debug|Any CPU.Deploy.0 = Debug|Any CPU
		{8C1ECA05-49A6-4066-8750-B4449B243A29}.Debug|ARM.ActiveCfg = Debug|ARM
		{8C1ECA05-49A6-4066-8750-B4449B243A29}.Debug|ARM.Build.0 = Debug|ARM
		{8C1ECA05-49A6-4066-8750-B4449B243A29}.Debug|ARM.Deploy.0 = Debug|ARM
		{8C1ECA05-49A6-4066-8750-B4449B243A29}.Debug|iPhone.ActiveCfg = Debug|Any CPU
		{8C1ECA05-49A6-4066-8750-B4449B243A29}.Debug|iPhoneSimulator.ActiveCfg = Debug|Any CPU
		{8C1ECA05-49A6-4066-8750-B4449B243A29}.Debug|Mixed Platforms.ActiveCfg = Debug|x86
		{8C1ECA05-49A6-4066-8750-B4449B243A29}.Debug|Mixed Platforms.Build.0 = Debug|x86
		{8C1ECA05-49A6-4066-8750-B4449B243A29}.Debug|Mixed Platforms.Deploy.0 = Debug|x86
		{8C1ECA05-49A6-4066-8750-B4449B243A29}.Debug|x86.ActiveCfg = Debug|x86
		{8C1ECA05-49A6-4066-8750-B4449B243A29}.Debug|x86.Build.0 = Debug|x86
		{8C1ECA05-49A6-4066-8750-B4449B243A29}.Debug|x86.Deploy.0 = Debug|x86
		{8C1ECA05-49A6-4066-8750-B4449B243A29}.Release|Any CPU.ActiveCfg = Release|Any CPU
		{8C1ECA05-49A6-4066-8750-B4449B243A29}.Release|Any CPU.Build.0 = Release|Any CPU
		{8C1ECA05-49A6-4066-8750-B4449B243A29}.Release|Any CPU.Deploy.0 = Release|Any CPU
		{8C1ECA05-49A6-4066-8750-B4449B243A29}.Release|ARM.ActiveCfg = Release|ARM
		{8C1ECA05-49A6-4066-8750-B4449B243A29}.Release|ARM.Build.0 = Release|ARM
		{8C1ECA05-49A6-4066-8750-B4449B243A29}.Release|ARM.Deploy.0 = Release|ARM
		{8C1ECA05-49A6-4066-8750-B4449B243A29}.Release|iPhone.ActiveCfg = Release|Any CPU
		{8C1ECA05-49A6-4066-8750-B4449B243A29}.Release|iPhoneSimulator.ActiveCfg = Release|Any CPU
		{8C1ECA05-49A6-4066-8750-B4449B243A29}.Release|Mixed Platforms.ActiveCfg = Release|x86
		{8C1ECA05-49A6-4066-8750-B4449B243A29}.Release|Mixed Platforms.Build.0 = Release|x86
		{8C1ECA05-49A6-4066-8750-B4449B243A29}.Release|Mixed Platforms.Deploy.0 = Release|x86
		{8C1ECA05-49A6-4066-8750-B4449B243A29}.Release|x86.ActiveCfg = Release|x86
		{8C1ECA05-49A6-4066-8750-B4449B243A29}.Release|x86.Build.0 = Release|x86
		{8C1ECA05-49A6-4066-8750-B4449B243A29}.Release|x86.Deploy.0 = Release|x86
	EndGlobalSection
	GlobalSection(MonoDevelopProperties) = preSolution
		StartupItem = XamarinTwitterClient\XamarinTwitterClient.Android\XamarinTwitterClient.Android.csproj
		Policies = $0
		$0.DotNetNamingPolicy = $1
		$1.DirectoryNamespaceAssociation = None
		$1.ResourceNamePolicy = FileFormatDefault
		$0.VersionControlPolicy = $2
		$2.inheritsSet = Mono
	EndGlobalSection
	GlobalSection(SolutionProperties) = preSolution
		HideSolutionNode = FALSE
	EndGlobalSection
EndGlobal
